
Microsoft Visual Studio Solution File, Format Version 12.00
# Visual Studio 15
VisualStudioVersion = 15.0.27703.2026
MinimumVisualStudioVersion = 10.0.40219.1
Project("{FAE04EC0-301F-11D3-BF4B-00C04F79EFBC}") = "AppVisorAlbum", "AppVisorAlbum\AppVisorAlbum.csproj", "{E8AF7FC4-1919-41A3-9942-B53A02976E15}"
EndProject
Global
	GlobalSection(SolutionConfigurationPlatforms) = preSolution
		Debug|Any CPU = Debug|Any CPU
		Release|Any CPU = Release|Any CPU
	EndGlobalSection
	GlobalSection(ProjectConfigurationPlatforms) = postSolution
		{E8AF7FC4-1919-41A3-9942-B53A02976E15}.Debug|Any CPU.ActiveCfg = Debug|Any CPU
		{E8AF7FC4-1919-41A3-9942-B53A02976E15}.Debug|Any CPU.Build.0 = Debug|Any CPU
		{E8AF7FC4-1919-41A3-9942-B53A02976E15}.Release|Any CPU.ActiveCfg = Release|Any CPU
		{E8AF7FC4-1919-41A3-9942-B53A02976E15}.Release|Any CPU.Build.0 = Release|Any CPU
	EndGlobalSection
	GlobalSection(SolutionProperties) = preSolution
		HideSolutionNode = FALSE
	EndGlobalSection
	GlobalSection(ExtensibilityGlobals) = postSolution
		SolutionGuid = {8BD1BAC6-0FE1-4F8E-9A99-19C34E41578B}
	EndGlobalSection
EndGlobal
